// !$*UTF8*$!
{
	archiveVersion = 1;
	classes = {
	};
	objectVersion = 77;
	objects = {

/* Begin PBXBuildFile section */
		FB70F4752F51E78000ABFB75 /* libsqlite3.tbd in Frameworks */ = {isa = PBXBuildFile; fileRef = FB70F4722F51E5B900ABFB75 /* libsqlite3.tbd */; };
		FB8AEC6A2F547BE3002C3477 /* libz.1.1.3.tbd in Frameworks */ = {isa = PBXBuildFile; fileRef = FB8AEC692F547BD1002C3477 /* libz.1.1.3.tbd */; };
		FB8AED922F565CDB002C3477 /* CoreXLSX in Frameworks */ = {isa = PBXBuildFile; productRef = FB8AED912F565CDB002C3477 /* CoreXLSX */; };
/* End PBXBuildFile section */

/* Begin PBXContainerItemProxy section */
		FB70F4292F51E55600ABFB75 /* PBXContainerItemProxy */ = {
			isa = PBXContainerItemProxy;
			containerPortal = FB70F4132F51E55400ABFB75 /* Project object */;
			proxyType = 1;
			remoteGlobalIDString = FB70F41A2F51E55400ABFB75;
			remoteInfo = Aerobook;
		};
		FB70F4332F51E55700ABFB75 /* PBXContainerItemProxy */ = {
			isa = PBXContainerItemProxy;
			containerPortal = FB70F4132F51E55400ABFB75 /* Project object */;
			proxyType = 1;
			remoteGlobalIDString = FB70F41A2F51E55400ABFB75;
			remoteInfo = Aerobook;
		};
/* End PBXContainerItemProxy section */

/* Begin PBXFileReference section */
		FB70F41B2F51E55400ABFB75 /* Aerobook.app */ = {isa = PBXFileReference; explicitFileType = wrapper.application; includeInIndex = 0; path = Aerobook.app; sourceTree = BUILT_PRODUCTS_DIR; };
		FB70F4282F51E55600ABFB75 /* AerobookTests.xctest */ = {isa = PBXFileReference; explicitFileType = wrapper.cfbundle; includeInIndex = 0; path = AerobookTests.xctest; sourceTree = BUILT_PRODUCTS_DIR; };
		FB70F4322F51E55700ABFB75 /* AerobookUITests.xctest */ = {isa = PBXFileReference; explicitFileType = wrapper.cfbundle; includeInIndex = 0; path = AerobookUITests.xctest; sourceTree = BUILT_PRODUCTS_DIR; };
		FB70F4722F51E5B900ABFB75 /* libsqlite3.tbd */ = {isa = PBXFileReference; lastKnownFileType = "sourcecode.text-based-dylib-definition"; name = libsqlite3.tbd; path = usr/lib/libsqlite3.tbd; sourceTree = SDKROOT; };
		FB70F4762F51E78D00ABFB75 /* libsqlite3.0.tbd */ = {isa = PBXFileReference; lastKnownFileType = "sourcecode.text-based-dylib-definition"; name = libsqlite3.0.tbd; path = usr/lib/libsqlite3.0.tbd; sourceTree = SDKROOT; };
		FB8AEC692F547BD1002C3477 /* libz.1.1.3.tbd */ = {isa = PBXFileReference; lastKnownFileType = "sourcecode.text-based-dylib-definition"; name = libz.1.1.3.tbd; path = usr/lib/libz.1.1.3.tbd; sourceTree = SDKROOT; };
/* End PBXFileReference section */

/* Begin PBXFileSystemSynchronizedBuildFileExceptionSet section */
		FB70F4742F51E5DA00ABFB75 /* Exceptions for "Aerobook" folder in "Aerobook" target */ = {
			isa = PBXFileSystemSynchronizedBuildFileExceptionSet;
			membershipExceptions = (
				Info.plist,
			);
			target = FB70F41A2F51E55400ABFB75 /* Aerobook */;
		};
/* End PBXFileSystemSynchronizedBuildFileExceptionSet section */

/* Begin PBXFileSystemSynchronizedRootGroup section */
		FB70F41D2F51E55400ABFB75 /* Aerobook */ = {
			isa = PBXFileSystemSynchronizedRootGroup;
			exceptions = (
				FB70F4742F51E5DA00ABFB75 /* Exceptions for "Aerobook" folder in "Aerobook" target */,
			);
			path = Aerobook;
			sourceTree = "<group>";
		};
		FB70F42B2F51E55600ABFB75 /* AerobookTests */ = {
			isa = PBXFileSystemSynchronizedRootGroup;
			path = AerobookTests;
			sourceTree = "<group>";
		};
		FB70F4352F51E55700ABFB75 /* AerobookUITests */ = {
			isa = PBXFileSystemSynchronizedRootGroup;
			path = AerobookUITests;
			sourceTree = "<group>";
		};
/* End PBXFileSystemSynchronizedRootGroup section */

/* Begin PBXFrameworksBuildPhase section */
		FB70F4182F51E55400ABFB75 /* Frameworks */ = {
			isa = PBXFrameworksBuildPhase;
			buildActionMask = 2147483647;
			files = (
				FB8AED922F565CDB002C3477 /* CoreXLSX in Frameworks */,
				FB8AEC6A2F547BE3002C3477 /* libz.1.1.3.tbd in Frameworks */,
				FB70F4752F51E78000ABFB75 /* libsqlite3.tbd in Frameworks */,
			);
			runOnlyForDeploymentPostprocessing = 0;
		};
		FB70F4252F51E55600ABFB75 /* Frameworks */ = {
			isa = PBXFrameworksBuildPhase;
			buildActionMask = 2147483647;
			files = (
			);
			runOnlyForDeploymentPostprocessing = 0;
		};
		FB70F42F2F51E55700ABFB75 /* Frameworks */ = {
			isa = PBXFrameworksBuildPhase;
			buildActionMask = 2147483647;
			files = (
			);
			runOnlyForDeploymentPostprocessing = 0;
		};
/* End PBXFrameworksBuildPhase section */

/* Begin PBXGroup section */
		FB70F4122F51E55400ABFB75 = {
			isa = PBXGroup;
			children = (
				FB70F41D2F51E55400ABFB75 /* Aerobook */,
				FB70F42B2F51E55600ABFB75 /* AerobookTests */,
				FB70F4352F51E55700ABFB75 /* AerobookUITests */,
				FB70F4712F51E5B800ABFB75 /* Frameworks */,
				FB70F41C2F51E55400ABFB75 /* Products */,
			);
			sourceTree = "<group>";
		};
		FB70F41C2F51E55400ABFB75 /* Products */ = {
			isa = PBXGroup;
			children = (
				FB70F41B2F51E55400ABFB75 /* Aerobook.app */,
				FB70F4282F51E55600ABFB75 /* AerobookTests.xctest */,
				FB70F4322F51E55700ABFB75 /* AerobookUITests.xctest */,
			);
			name = Products;
			sourceTree = "<group>";
		};
		FB70F4712F51E5B800ABFB75 /* Frameworks */ = {
			isa = PBXGroup;
			children = (
				FB8AEC692F547BD1002C3477 /* libz.1.1.3.tbd */,
				FB70F4762F51E78D00ABFB75 /* libsqlite3.0.tbd */,
				FB70F4722F51E5B900ABFB75 /* libsqlite3.tbd */,
			);
			name = Frameworks;
			sourceTree = "<group>";
		};
/* End PBXGroup section */

/* Begin PBXNativeTarget section */
		FB70F41A2F51E55400ABFB75 /* Aerobook */ = {
			isa = PBXNativeTarget;
			buildConfigurationList = FB70F43C2F51E55700ABFB75 /* Build configuration list for PBXNativeTarget "Aerobook" */;
			buildPhases = (
				FB70F4172F51E55400ABFB75 /* Sources */,
				FB70F4182F51E55400ABFB75 /* Frameworks */,
				FB70F4192F51E55400ABFB75 /* Resources */,
			);
			buildRules = (
			);
			dependencies = (
			);
			fileSystemSynchronizedGroups = (
				FB70F41D2F51E55400ABFB75 /* Aerobook */,
			);
			name = Aerobook;
			packageProductDependencies = (
				FB8AED912F565CDB002C3477 /* CoreXLSX */,
			);
			productName = Aerobook;
			productReference = FB70F41B2F51E55400ABFB75 /* Aerobook.app */;
			productType = "com.apple.product-type.application";
		};
		FB70F4272F51E55600ABFB75 /* AerobookTests */ = {
			isa = PBXNativeTarget;
			buildConfigurationList = FB70F43F2F51E55700ABFB75 /* Build configuration list for PBXNativeTarget "AerobookTests" */;
			buildPhases = (
				FB70F4242F51E55600ABFB75 /* Sources */,
				FB70F4252F51E55600ABFB75 /* Frameworks */,
				FB70F4262F51E55600ABFB75 /* Resources */,
			);
			buildRules = (
			);
			dependencies = (
				FB70F42A2F51E55600ABFB75 /* PBXTargetDependency */,
			);
			fileSystemSynchronizedGroups = (
				FB70F42B2F51E55600ABFB75 /* AerobookTests */,
			);
			name = AerobookTests;
			packageProductDependencies = (
			);
			productName = AerobookTests;
			productReference = FB70F4282F51E55600ABFB75 /* AerobookTests.xctest */;
			productType = "com.apple.product-type.bundle.unit-test";
		};
		FB70F4312F51E55700ABFB75 /* AerobookUITests */ = {
			isa = PBXNativeTarget;
			buildConfigurationList = FB70F4422F51E55700ABFB75 /* Build configuration list for PBXNativeTarget "AerobookUITests" */;
			buildPhases = (
				FB70F42E2F51E55700ABFB75 /* Sources */,
				FB70F42F2F51E55700ABFB75 /* Frameworks */,
				FB70F4302F51E55700ABFB75 /* Resources */,
			);
			buildRules = (
			);
			dependencies = (
				FB70F4342F51E55700ABFB75 /* PBXTargetDependency */,
			);
			fileSystemSynchronizedGroups = (
				FB70F4352F51E55700ABFB75 /* AerobookUITests */,
			);
			name = AerobookUITests;
			packageProductDependencies = (
			);
			productName = AerobookUITests;
			productReference = FB70F4322F51E55700ABFB75 /* AerobookUITests.xctest */;
			productType = "com.apple.product-type.bundle.ui-testing";
		};
/* End PBXNativeTarget section */

/* Begin PBXProject section */
		FB70F4132F51E55400ABFB75 /* Project object */ = {
			isa = PBXProject;
			attributes = {
				BuildIndependentTargetsInParallel = 1;
				LastSwiftUpdateCheck = 2630;
				LastUpgradeCheck = 2630;
				TargetAttributes = {
					FB70F41A2F51E55400ABFB75 = {
						CreatedOnToolsVersion = 26.3;
						LastSwiftMigration = 2630;
					};
					FB70F4272F51E55600ABFB75 = {
						CreatedOnToolsVersion = 26.3;
						TestTargetID = FB70F41A2F51E55400ABFB75;
					};
					FB70F4312F51E55700ABFB75 = {
						CreatedOnToolsVersion = 26.3;
						TestTargetID = FB70F41A2F51E55400ABFB75;
					};
				};
			};
			buildConfigurationList = FB70F4162F51E55400ABFB75 /* Build configuration list for PBXProject "Aerobook" */;
			developmentRegion = en;
			hasScannedForEncodings = 0;
			knownRegions = (
				en,
				Base,
			);
			mainGroup = FB70F4122F51E55400ABFB75;
			minimizedProjectReferenceProxies = 1;
			packageReferences = (
				FB8AED902F565CDB002C3477 /* XCRemoteSwiftPackageReference "CoreXLSX" */,
			);
			preferredProjectObjectVersion = 77;
			productRefGroup = FB70F41C2F51E55400ABFB75 /* Products */;
			projectDirPath = "";
			projectRoot = "";
			targets = (
				FB70F41A2F51E55400ABFB75 /* Aerobook */,
				FB70F4272F51E55600ABFB75 /* AerobookTests */,
				FB70F4312F51E55700ABFB75 /* AerobookUITests */,
			);
		};
/* End PBXProject section */

/* Begin PBXResourcesBuildPhase section */
		FB70F4192F51E55400ABFB75 /* Resources */ = {
			isa = PBXResourcesBuildPhase;
			buildActionMask = 2147483647;
			files = (
			);
			runOnlyForDeploymentPostprocessing = 0;
		};
		FB70F4262F51E55600ABFB75 /* Resources */ = {
			isa = PBXResourcesBuildPhase;
			buildActionMask = 2147483647;
			files = (
			);
			runOnlyForDeploymentPostprocessing = 0;
		};
		FB70F4302F51E55700ABFB75 /* Resources */ = {
			isa = PBXResourcesBuildPhase;
			buildActionMask = 2147483647;
			files = (
			);
			runOnlyForDeploymentPostprocessing = 0;
		};
/* End PBXResourcesBuildPhase section */

/* Begin PBXSourcesBuildPhase section */
		FB70F4172F51E55400ABFB75 /* Sources */ = {
			isa = PBXSourcesBuildPhase;
			buildActionMask = 2147483647;
			files = (
			);
			runOnlyForDeploymentPostprocessing = 0;
		};
		FB70F4242F51E55600ABFB75 /* Sources */ = {
			isa = PBXSourcesBuildPhase;
			buildActionMask = 2147483647;
			files = (
			);
			runOnlyForDeploymentPostprocessing = 0;
		};
		FB70F42E2F51E55700ABFB75 /* Sources */ = {
			isa = PBXSourcesBuildPhase;
			buildActionMask = 2147483647;
			files = (
			);
			runOnlyForDeploymentPostprocessing = 0;
		};
/* End PBXSourcesBuildPhase section */

/* Begin PBXTargetDependency section */
		FB70F42A2F51E55600ABFB75 /* PBXTargetDependency */ = {
			isa = PBXTargetDependency;
			target = FB70F41A2F51E55400ABFB75 /* Aerobook */;
			targetProxy = FB70F4292F51E55600ABFB75 /* PBXContainerItemProxy */;
		};
		FB70F4342F51E55700ABFB75 /* PBXTargetDependency */ = {
			isa = PBXTargetDependency;
			target = FB70F41A2F51E55400ABFB75 /* Aerobook */;
			targetProxy = FB70F4332F51E55700ABFB75 /* PBXContainerItemProxy */;
		};
/* End PBXTargetDependency section */

/* Begin XCBuildConfiguration section */
		FB70F43A2F51E55700ABFB75 /* Debug */ = {
			isa = XCBuildConfiguration;
			buildSettings = {
				ALWAYS_SEARCH_USER_PATHS = NO;
				ASSETCATALOG_COMPILER_GENERATE_SWIFT_ASSET_SYMBOL_EXTENSIONS = YES;
				CLANG_ANALYZER_NONNULL = YES;
				CLANG_ANALYZER_NUMBER_OBJECT_CONVERSION = YES_AGGRESSIVE;
				CLANG_CXX_LANGUAGE_STANDARD = "gnu++20";
				CLANG_ENABLE_MODULES = YES;
				CLANG_ENABLE_OBJC_ARC = YES;
				CLANG_ENABLE_OBJC_WEAK = YES;
				CLANG_WARN_BLOCK_CAPTURE_AUTORELEASING = YES;
				CLANG_WARN_BOOL_CONVERSION = YES;
				CLANG_WARN_COMMA = YES;
				CLANG_WARN_CONSTANT_CONVERSION = YES;
				CLANG_WARN_DEPRECATED_OBJC_IMPLEMENTATIONS = YES;
				CLANG_WARN_DIRECT_OBJC_ISA_USAGE = YES_ERROR;
				CLANG_WARN_DOCUMENTATION_COMMENTS = YES;
				CLANG_WARN_EMPTY_BODY = YES;
				CLANG_WARN_ENUM_CONVERSION = YES;
				CLANG_WARN_INFINITE_RECURSION = YES;
				CLANG_WARN_INT_CONVERSION = YES;
				CLANG_WARN_NON_LITERAL_NULL_CONVERSION = YES;
				CLANG_WARN_OBJC_IMPLICIT_RETAIN_SELF = YES;
				CLANG_WARN_OBJC_LITERAL_CONVERSION = YES;
				CLANG_WARN_OBJC_ROOT_CLASS = YES_ERROR;
				CLANG_WARN_QUOTED_INCLUDE_IN_FRAMEWORK_HEADER = YES;
				CLANG_WARN_RANGE_LOOP_ANALYSIS = YES;
				CLANG_WARN_STRICT_PROTOTYPES = YES;
				CLANG_WARN_SUSPICIOUS_MOVE = YES;
				CLANG_WARN_UNGUARDED_AVAILABILITY = YES_AGGRESSIVE;
				CLANG_WARN_UNREACHABLE_CODE = YES;
				CLANG_WARN__DUPLICATE_METHOD_MATCH = YES;
				COPY_PHASE_STRIP = NO;
				DEBUG_INFORMATION_FORMAT = dwarf;
				DEVELOPMENT_TEAM = NSL55R2KGH;
				ENABLE_STRICT_OBJC_MSGSEND = YES;
				ENABLE_TESTABILITY = YES;
				ENABLE_USER_SCRIPT_SANDBOXING = YES;
				GCC_C_LANGUAGE_STANDARD = gnu17;
				GCC_DYNAMIC_NO_PIC = NO;
				GCC_NO_COMMON_BLOCKS = YES;
				GCC_OPTIMIZATION_LEVEL = 0;
				GCC_PREPROCESSOR_DEFINITIONS = (
					"DEBUG=1",
					"$(inherited)",
				);
				GCC_WARN_64_TO_32_BIT_CONVERSION = YES;
				GCC_WARN_ABOUT_RETURN_TYPE = YES_ERROR;
				GCC_WARN_UNDECLARED_SELECTOR = YES;
				GCC_WARN_UNINITIALIZED_AUTOS = YES_AGGRESSIVE;
				GCC_WARN_UNUSED_FUNCTION = YES;
				GCC_WARN_UNUSED_VARIABLE = YES;
				IPHONEOS_DEPLOYMENT_TARGET = 26.2;
				LOCALIZATION_PREFERS_STRING_CATALOGS = YES;
				MTL_ENABLE_DEBUG_INFO = INCLUDE_SOURCE;
				MTL_FAST_MATH = YES;
				ONLY_ACTIVE_ARCH = YES;
				SDKROOT = iphoneos;
				SWIFT_ACTIVE_COMPILATION_CONDITIONS = "DEBUG $(inherited)";
				SWIFT_OPTIMIZATION_LEVEL = "-Onone";
			};
			name = Debug;
		};
		FB70F43B2F51E55700ABFB75 /* Release */ = {
			isa = XCBuildConfiguration;
			buildSettings = {
				ALWAYS_SEARCH_USER_PATHS = NO;
				ASSETCATALOG_COMPILER_GENERATE_SWIFT_ASSET_SYMBOL_EXTENSIONS = YES;
				CLANG_ANALYZER_NONNULL = YES;
				CLANG_ANALYZER_NUMBER_OBJECT_CONVERSION = YES_AGGRESSIVE;
				CLANG_CXX_LANGUAGE_STANDARD = "gnu++20";
				CLANG_ENABLE_MODULES = YES;
				CLANG_ENABLE_OBJC_ARC = YES;
				CLANG_ENABLE_OBJC_WEAK = YES;
				CLANG_WARN_BLOCK_CAPTURE_AUTORELEASING = YES;
				CLANG_WARN_BOOL_CONVERSION = YES;
				CLANG_WARN_COMMA = YES;
				CLANG_WARN_CONSTANT_CONVERSION = YES;
				CLANG_WARN_DEPRECATED_OBJC_IMPLEMENTATIONS = YES;
				CLANG_WARN_DIRECT_OBJC_ISA_USAGE = YES_ERROR;
				CLANG_WARN_DOCUMENTATION_COMMENTS = YES;
				CLANG_WARN_EMPTY_BODY = YES;
				CLANG_WARN_ENUM_CONVERSION = YES;
				CLANG_WARN_INFINITE_RECURSION = YES;
				CLANG_WARN_INT_CONVERSION = YES;
				CLANG_WARN_NON_LITERAL_NULL_CONVERSION = YES;
				CLANG_WARN_OBJC_IMPLICIT_RETAIN_SELF = YES;
				CLANG_WARN_OBJC_LITERAL_CONVERSION = YES;
				CLANG_WARN_OBJC_ROOT_CLASS = YES_ERROR;
				CLANG_WARN_QUOTED_INCLUDE_IN_FRAMEWORK_HEADER = YES;
				CLANG_WARN_RANGE_LOOP_ANALYSIS = YES;
				CLANG_WARN_STRICT_PROTOTYPES = YES;
				CLANG_WARN_SUSPICIOUS_MOVE = YES;
				CLANG_WARN_UNGUARDED_AVAILABILITY = YES_AGGRESSIVE;
				CLANG_WARN_UNREACHABLE_CODE = YES;
				CLANG_WARN__DUPLICATE_METHOD_MATCH = YES;
				COPY_PHASE_STRIP = NO;
				DEBUG_INFORMATION_FORMAT = "dwarf-with-dsym";
				DEVELOPMENT_TEAM = NSL55R2KGH;
				ENABLE_NS_ASSERTIONS = NO;
				ENABLE_STRICT_OBJC_MSGSEND = YES;
				ENABLE_USER_SCRIPT_SANDBOXING = YES;
				GCC_C_LANGUAGE_STANDARD = gnu17;
				GCC_NO_COMMON_BLOCKS = YES;
				GCC_WARN_64_TO_32_BIT_CONVERSION = YES;
				GCC_WARN_ABOUT_RETURN_TYPE = YES_ERROR;
				GCC_WARN_UNDECLARED_SELECTOR = YES;
				GCC_WARN_UNINITIALIZED_AUTOS = YES_AGGRESSIVE;
				GCC_WARN_UNUSED_FUNCTION = YES;
				GCC_WARN_UNUSED_VARIABLE = YES;
				IPHONEOS_DEPLOYMENT_TARGET = 26.2;
				LOCALIZATION_PREFERS_STRING_CATALOGS = YES;
				MTL_ENABLE_DEBUG_INFO = NO;
				MTL_FAST_MATH = YES;
				SDKROOT = iphoneos;
				SWIFT_COMPILATION_MODE = wholemodule;
				VALIDATE_PRODUCT = YES;
			};
			name = Release;
		};
		FB70F43D2F51E55700ABFB75 /* Debug */ = {
			isa = XCBuildConfiguration;
			buildSettings = {
				ASSETCATALOG_COMPILER_APPICON_NAME = AppIcon;
				ASSETCATALOG_COMPILER_GLOBAL_ACCENT_COLOR_NAME = AccentColor;
				CLANG_ENABLE_MODULES = YES;
				CODE_SIGN_STYLE = Automatic;
				CURRENT_PROJECT_VERSION = 1;
				DEVELOPMENT_TEAM = NSL55R2KGH;
				ENABLE_PREVIEWS = YES;
				GENERATE_INFOPLIST_FILE = YES;
				INFOPLIST_FILE = Aerobook/Info.plist;
				INFOPLIST_KEY_NSCameraUsageDescription = "AeroBook needs camera access to scan your paper logbook.";
				INFOPLIST_KEY_NSPhotoLibraryUsageDescription = "AeroBook needs access to save scanned logbook pages.";
				INFOPLIST_KEY_UIApplicationSceneManifest_Generation = YES;
				INFOPLIST_KEY_UIApplicationSupportsIndirectInputEvents = YES;
				INFOPLIST_KEY_UILaunchScreen_Generation = YES;
				INFOPLIST_KEY_UISupportedInterfaceOrientations_iPad = "UIInterfaceOrientationPortrait UIInterfaceOrientationPortraitUpsideDown UIInterfaceOrientationLandscapeLeft UIInterfaceOrientationLandscapeRight";
				INFOPLIST_KEY_UISupportedInterfaceOrientations_iPhone = "UIInterfaceOrientationPortrait UIInterfaceOrientationLandscapeLeft UIInterfaceOrientationLandscapeRight";
				IPHONEOS_DEPLOYMENT_TARGET = 17.6;
				LD_RUNPATH_SEARCH_PATHS = (
					"$(inherited)",
					"@executable_path/Frameworks",
				);
				MARKETING_VERSION = 1.0;
				PRODUCT_BUNDLE_IDENTIFIER = com.mitulpatankar.Aerobook;
				PRODUCT_NAME = "$(TARGET_NAME)";
				STRING_CATALOG_GENERATE_SYMBOLS = YES;
				SUPPORTED_PLATFORMS = "iphoneos iphonesimulator";
				SUPPORTS_MACCATALYST = NO;
				SUPPORTS_XR_DESIGNED_FOR_IPHONE_IPAD = NO;
				SWIFT_APPROACHABLE_CONCURRENCY = YES;
				SWIFT_DEFAULT_ACTOR_ISOLATION = MainActor;
				SWIFT_EMIT_LOC_STRINGS = YES;
				SWIFT_OBJC_BRIDGING_HEADER = "Aerobook/Aerobook-Bridging-Header.h";
				SWIFT_OPTIMIZATION_LEVEL = "-Onone";
				SWIFT_UPCOMING_FEATURE_MEMBER_IMPORT_VISIBILITY = YES;
				SWIFT_VERSION = 5.0;
				TARGETED_DEVICE_FAMILY = "1,2";
			};
			name = Debug;
		};
		FB70F43E2F51E55700ABFB75 /* Release */ = {
			isa = XCBuildConfiguration;
			buildSettings = {
				ASSETCATALOG_COMPILER_APPICON_NAME = AppIcon;
				ASSETCATALOG_COMPILER_GLOBAL_ACCENT_COLOR_NAME = AccentColor;
				CLANG_ENABLE_MODULES = YES;
				CODE_SIGN_STYLE = Automatic;
				CURRENT_PROJECT_VERSION = 1;
				DEVELOPMENT_TEAM = NSL55R2KGH;
				ENABLE_PREVIEWS = YES;
				GENERATE_INFOPLIST_FILE = YES;
				INFOPLIST_FILE = Aerobook/Info.plist;
				INFOPLIST_KEY_NSCameraUsageDescription = "AeroBook needs camera access to scan your paper logbook.";
				INFOPLIST_KEY_NSPhotoLibraryUsageDescription = "AeroBook needs access to save scanned logbook pages.";
				INFOPLIST_KEY_UIApplicationSceneManifest_Generation = YES;
				INFOPLIST_KEY_UIApplicationSupportsIndirectInputEvents = YES;
				INFOPLIST_KEY_UILaunchScreen_Generation = YES;
				INFOPLIST_KEY_UISupportedInterfaceOrientations_iPad = "UIInterfaceOrientationPortrait UIInterfaceOrientationPortraitUpsideDown UIInterfaceOrientationLandscapeLeft UIInterfaceOrientationLandscapeRight";
				INFOPLIST_KEY_UISupportedInterfaceOrientations_iPhone = "UIInterfaceOrientationPortrait UIInterfaceOrientationLandscapeLeft UIInterfaceOrientationLandscapeRight";
				IPHONEOS_DEPLOYMENT_TARGET = 17.6;
				LD_RUNPATH_SEARCH_PATHS = (
					"$(inherited)",
					"@executable_path/Frameworks",
				);
				MARKETING_VERSION = 1.0;
				PRODUCT_BUNDLE_IDENTIFIER = com.mitulpatankar.Aerobook;
				PRODUCT_NAME = "$(TARGET_NAME)";
				STRING_CATALOG_GENERATE_SYMBOLS = YES;
				SUPPORTED_PLATFORMS = "iphoneos iphonesimulator";
				SUPPORTS_MACCATALYST = NO;
				SUPPORTS_XR_DESIGNED_FOR_IPHONE_IPAD = NO;
				SWIFT_APPROACHABLE_CONCURRENCY = YES;
				SWIFT_DEFAULT_ACTOR_ISOLATION = MainActor;
				SWIFT_EMIT_LOC_STRINGS = YES;
				SWIFT_OBJC_BRIDGING_HEADER = "Aerobook/Aerobook-Bridging-Header.h";
				SWIFT_UPCOMING_FEATURE_MEMBER_IMPORT_VISIBILITY = YES;
				SWIFT_VERSION = 5.0;
				TARGETED_DEVICE_FAMILY = "1,2";
			};
			name = Release;
		};
		FB70F4402F51E55700ABFB75 /* Debug */ = {
			isa = XCBuildConfiguration;
			buildSettings = {
				BUNDLE_LOADER = "$(TEST_HOST)";
				CODE_SIGN_STYLE = Automatic;
				CURRENT_PROJECT_VERSION = 1;
				DEVELOPMENT_TEAM = NSL55R2KGH;
				GENERATE_INFOPLIST_FILE = YES;
				IPHONEOS_DEPLOYMENT_TARGET = 26.2;
				MARKETING_VERSION = 1.0;
				PRODUCT_BUNDLE_IDENTIFIER = com.mitulpatankar.AerobookTests;
				PRODUCT_NAME = "$(TARGET_NAME)";
				STRING_CATALOG_GENERATE_SYMBOLS = NO;
				SUPPORTED_PLATFORMS = "iphoneos iphonesimulator";
				SUPPORTS_MACCATALYST = YES;
				SUPPORTS_XR_DESIGNED_FOR_IPHONE_IPAD = NO;
				SWIFT_APPROACHABLE_CONCURRENCY = YES;
				SWIFT_EMIT_LOC_STRINGS = NO;
				SWIFT_UPCOMING_FEATURE_MEMBER_IMPORT_VISIBILITY = YES;
				SWIFT_VERSION = 5.0;
				TARGETED_DEVICE_FAMILY = "1,2";
				TEST_HOST = "$(BUILT_PRODUCTS_DIR)/Aerobook.app/$(BUNDLE_EXECUTABLE_FOLDER_PATH)/Aerobook";
			};
			name = Debug;
		};
		FB70F4412F51E55700ABFB75 /* Release */ = {
			isa = XCBuildConfiguration;
			buildSettings = {
				BUNDLE_LOADER = "$(TEST_HOST)";
				CODE_SIGN_STYLE = Automatic;
				CURRENT_PROJECT_VERSION = 1;
				DEVELOPMENT_TEAM = NSL55R2KGH;
				GENERATE_INFOPLIST_FILE = YES;
				IPHONEOS_DEPLOYMENT_TARGET = 26.2;
				MARKETING_VERSION = 1.0;
				PRODUCT_BUNDLE_IDENTIFIER = com.mitulpatankar.AerobookTests;
				PRODUCT_NAME = "$(TARGET_NAME)";
				STRING_CATALOG_GENERATE_SYMBOLS = NO;
				SUPPORTED_PLATFORMS = "iphoneos iphonesimulator";
				SUPPORTS_MACCATALYST = YES;
				SUPPORTS_XR_DESIGNED_FOR_IPHONE_IPAD = NO;
				SWIFT_APPROACHABLE_CONCURRENCY = YES;
				SWIFT_EMIT_LOC_STRINGS = NO;
				SWIFT_UPCOMING_FEATURE_MEMBER_IMPORT_VISIBILITY = YES;
				SWIFT_VERSION = 5.0;
				TARGETED_DEVICE_FAMILY = "1,2";
				TEST_HOST = "$(BUILT_PRODUCTS_DIR)/Aerobook.app/$(BUNDLE_EXECUTABLE_FOLDER_PATH)/Aerobook";
			};
			name = Release;
		};
		FB70F4432F51E55700ABFB75 /* Debug */ = {
			isa = XCBuildConfiguration;
			buildSettings = {
				CODE_SIGN_STYLE = Automatic;
				CURRENT_PROJECT_VERSION = 1;
				DEVELOPMENT_TEAM = NSL55R2KGH;
				GENERATE_INFOPLIST_FILE = YES;
				MARKETING_VERSION = 1.0;
				PRODUCT_BUNDLE_IDENTIFIER = com.mitulpatankar.AerobookUITests;
				PRODUCT_NAME = "$(TARGET_NAME)";
				STRING_CATALOG_GENERATE_SYMBOLS = NO;
				SUPPORTED_PLATFORMS = "iphoneos iphonesimulator";
				SUPPORTS_MACCATALYST = YES;
				SUPPORTS_XR_DESIGNED_FOR_IPHONE_IPAD = NO;
				SWIFT_APPROACHABLE_CONCURRENCY = YES;
				SWIFT_EMIT_LOC_STRINGS = NO;
				SWIFT_UPCOMING_FEATURE_MEMBER_IMPORT_VISIBILITY = YES;
				SWIFT_VERSION = 5.0;
				TARGETED_DEVICE_FAMILY = "1,2";
				TEST_TARGET_NAME = Aerobook;
			};
			name = Debug;
		};
		FB70F4442F51E55700ABFB75 /* Release */ = {
			isa = XCBuildConfiguration;
			buildSettings = {
				CODE_SIGN_STYLE = Automatic;
				CURRENT_PROJECT_VERSION = 1;
				DEVELOPMENT_TEAM = NSL55R2KGH;
				GENERATE_INFOPLIST_FILE = YES;
				MARKETING_VERSION = 1.0;
				PRODUCT_BUNDLE_IDENTIFIER = com.mitulpatankar.AerobookUITests;
				PRODUCT_NAME = "$(TARGET_NAME)";
				STRING_CATALOG_GENERATE_SYMBOLS = NO;
				SUPPORTED_PLATFORMS = "iphoneos iphonesimulator";
				SUPPORTS_MACCATALYST = YES;
				SUPPORTS_XR_DESIGNED_FOR_IPHONE_IPAD = NO;
				SWIFT_APPROACHABLE_CONCURRENCY = YES;
				SWIFT_EMIT_LOC_STRINGS = NO;
				SWIFT_UPCOMING_FEATURE_MEMBER_IMPORT_VISIBILITY = YES;
				SWIFT_VERSION = 5.0;
				TARGETED_DEVICE_FAMILY = "1,2";
				TEST_TARGET_NAME = Aerobook;
			};
			name = Release;
		};
/* End XCBuildConfiguration section */

/* Begin XCConfigurationList section */
		FB70F4162F51E55400ABFB75 /* Build configuration list for PBXProject "Aerobook" */ = {
			isa = XCConfigurationList;
			buildConfigurations = (
				FB70F43A2F51E55700ABFB75 /* Debug */,
				FB70F43B2F51E55700ABFB75 /* Release */,
			);
			defaultConfigurationIsVisible = 0;
			defaultConfigurationName = Release;
		};
		FB70F43C2F51E55700ABFB75 /* Build configuration list for PBXNativeTarget "Aerobook" */ = {
			isa = XCConfigurationList;
			buildConfigurations = (
				FB70F43D2F51E55700ABFB75 /* Debug */,
				FB70F43E2F51E55700ABFB75 /* Release */,
			);
			defaultConfigurationIsVisible = 0;
			defaultConfigurationName = Release;
		};
		FB70F43F2F51E55700ABFB75 /* Build configuration list for PBXNativeTarget "AerobookTests" */ = {
			isa = XCConfigurationList;
			buildConfigurations = (
				FB70F4402F51E55700ABFB75 /* Debug */,
				FB70F4412F51E55700ABFB75 /* Release */,
			);
			defaultConfigurationIsVisible = 0;
			defaultConfigurationName = Release;
		};
		FB70F4422F51E55700ABFB75 /* Build configuration list for PBXNativeTarget "AerobookUITests" */ = {
			isa = XCConfigurationList;
			buildConfigurations = (
				FB70F4432F51E55700ABFB75 /* Debug */,
				FB70F4442F51E55700ABFB75 /* Release */,
			);
			defaultConfigurationIsVisible = 0;
			defaultConfigurationName = Release;
		};
/* End XCConfigurationList section */

/* Begin XCRemoteSwiftPackageReference section */
		FB8AED902F565CDB002C3477 /* XCRemoteSwiftPackageReference "CoreXLSX" */ = {
			isa = XCRemoteSwiftPackageReference;
			repositoryURL = "https://github.com/CoreOffice/CoreXLSX.git";
			requirement = {
				kind = upToNextMajorVersion;
				minimumVersion = 0.14.2;
			};
		};
/* End XCRemoteSwiftPackageReference section */

/* Begin XCSwiftPackageProductDependency section */
		FB8AED912F565CDB002C3477 /* CoreXLSX */ = {
			isa = XCSwiftPackageProductDependency;
			package = FB8AED902F565CDB002C3477 /* XCRemoteSwiftPackageReference "CoreXLSX" */;
			productName = CoreXLSX;
		};
/* End XCSwiftPackageProductDependency section */
	};
	rootObject = FB70F4132F51E55400ABFB75 /* Project object */;
}
